
Microsoft Visual Studio Solution File, Format Version 12.00
Project("{FAE04EC0-301F-11D3-BF4B-00C04F79EFBC}") = "Circles.Index", ".\plugin\Circles.Index.csproj", "{84B030EC-94C7-4B40-ADF7-204E2AE91FFD}"
EndProject
Project("{2150E333-8FDC-42A3-9474-1A3956D46DE8}") = ".github", ".github", "{1A7AB239-847B-437F-8A00-BE2B172105CC}"
	ProjectSection(SolutionItems) = preProject
		.github\workflows\docker-publish.yml = .github\workflows\docker-publish.yml
	EndProjectSection
EndProject
Global
	GlobalSection(SolutionConfigurationPlatforms) = preSolution
		Debug|Any CPU = Debug|Any CPU
		Release|Any CPU = Release|Any CPU
	EndGlobalSection
	GlobalSection(ProjectConfigurationPlatforms) = postSolution
		{84B030EC-94C7-4B40-ADF7-204E2AE91FFD}.Debug|Any CPU.ActiveCfg = Debug|Any CPU
		{84B030EC-94C7-4B40-ADF7-204E2AE91FFD}.Debug|Any CPU.Build.0 = Debug|Any CPU
		{84B030EC-94C7-4B40-ADF7-204E2AE91FFD}.Release|Any CPU.ActiveCfg = Release|Any CPU
		{84B030EC-94C7-4B40-ADF7-204E2AE91FFD}.Release|Any CPU.Build.0 = Release|Any CPU
	EndGlobalSection
EndGlobal
