
Microsoft Visual Studio Solution File, Format Version 12.00
Project("{2150E333-8FDC-42A3-9474-1A3956D46DE8}") = ".github", ".github", "{1A7AB239-847B-437F-8A00-BE2B172105CC}"
	ProjectSection(SolutionItems) = preProject
		.github\workflows\docker-publish.yml = .github\workflows\docker-publish.yml
	EndProjectSection
EndProject
Project("{FAE04EC0-301F-11D3-BF4B-00C04F79EFBC}") = "Circles.Index", "Circles.Index\Circles.Index.csproj", "{6B1B1D07-6A85-4502-877F-09776658100D}"
EndProject
Project("{FAE04EC0-301F-11D3-BF4B-00C04F79EFBC}") = "Circles.Index.V1", "Circles.Index.V1\Circles.Index.V1.csproj", "{2B7D2126-6D6F-4A5B-81A1-3E5F1A9645F6}"
EndProject
Project("{FAE04EC0-301F-11D3-BF4B-00C04F79EFBC}") = "Circles.Index.Common", "Circles.Index.Common\Circles.Index.Common.csproj", "{3B0594BF-32D3-4631-86D1-8498BA5983D9}"
EndProject
Project("{FAE04EC0-301F-11D3-BF4B-00C04F79EFBC}") = "Circles.Index.V2", "Circles.Index.V2\Circles.Index.V2.csproj", "{FF8E96F7-2903-4C0B-A443-19EA8D7FBB67}"
EndProject
Project("{2150E333-8FDC-42A3-9474-1A3956D46DE8}") = "docker", "docker", "{B30CB76D-01EE-4E92-AEE5-27224DA53350}"
	ProjectSection(SolutionItems) = preProject
		x64.debug.spaceneth.Dockerfile = x64.debug.spaceneth.Dockerfile
		x64.Dockerfile = x64.Dockerfile
		arm64.Dockerfile = arm64.Dockerfile
		docker-compose.chiado.yml = docker-compose.chiado.yml
		docker-compose.yml = docker-compose.yml
		.dockerignore = .dockerignore
		circles-chainspec.json = circles-chainspec.json
		circles-config.cfg = circles-config.cfg
		time_controller.py = time_controller.py
		x64.debug.Dockerfile = x64.debug.Dockerfile
	EndProjectSection
EndProject
Global
	GlobalSection(SolutionConfigurationPlatforms) = preSolution
		Debug|Any CPU = Debug|Any CPU
		Release|Any CPU = Release|Any CPU
	EndGlobalSection
	GlobalSection(ProjectConfigurationPlatforms) = postSolution
		{6B1B1D07-6A85-4502-877F-09776658100D}.Debug|Any CPU.ActiveCfg = Debug|Any CPU
		{6B1B1D07-6A85-4502-877F-09776658100D}.Debug|Any CPU.Build.0 = Debug|Any CPU
		{6B1B1D07-6A85-4502-877F-09776658100D}.Release|Any CPU.ActiveCfg = Release|Any CPU
		{6B1B1D07-6A85-4502-877F-09776658100D}.Release|Any CPU.Build.0 = Release|Any CPU
		{2B7D2126-6D6F-4A5B-81A1-3E5F1A9645F6}.Debug|Any CPU.ActiveCfg = Debug|Any CPU
		{2B7D2126-6D6F-4A5B-81A1-3E5F1A9645F6}.Debug|Any CPU.Build.0 = Debug|Any CPU
		{2B7D2126-6D6F-4A5B-81A1-3E5F1A9645F6}.Release|Any CPU.ActiveCfg = Release|Any CPU
		{2B7D2126-6D6F-4A5B-81A1-3E5F1A9645F6}.Release|Any CPU.Build.0 = Release|Any CPU
		{3B0594BF-32D3-4631-86D1-8498BA5983D9}.Debug|Any CPU.ActiveCfg = Debug|Any CPU
		{3B0594BF-32D3-4631-86D1-8498BA5983D9}.Debug|Any CPU.Build.0 = Debug|Any CPU
		{3B0594BF-32D3-4631-86D1-8498BA5983D9}.Release|Any CPU.ActiveCfg = Release|Any CPU
		{3B0594BF-32D3-4631-86D1-8498BA5983D9}.Release|Any CPU.Build.0 = Release|Any CPU
		{FF8E96F7-2903-4C0B-A443-19EA8D7FBB67}.Debug|Any CPU.ActiveCfg = Debug|Any CPU
		{FF8E96F7-2903-4C0B-A443-19EA8D7FBB67}.Debug|Any CPU.Build.0 = Debug|Any CPU
		{FF8E96F7-2903-4C0B-A443-19EA8D7FBB67}.Release|Any CPU.ActiveCfg = Release|Any CPU
		{FF8E96F7-2903-4C0B-A443-19EA8D7FBB67}.Release|Any CPU.Build.0 = Release|Any CPU
	EndGlobalSection
EndGlobal
